
Microsoft Visual Studio Solution File, Format Version 12.00
# Visual Studio Version 17
VisualStudioVersion = 17.6.33513.286
MinimumVisualStudioVersion = 10.0.40219.1
Project("{9A19103F-16F7-4668-BE54-9A1E7A4F7556}") = "AlasdairCooper.Components.ContentBrowser", "AlasdairCooper.Components.ContentBrowser\AlasdairCooper.Components.ContentBrowser.csproj", "{7D261F68-C4C6-480C-8736-D169CE597AAC}"
EndProject
Project("{9A19103F-16F7-4668-BE54-9A1E7A4F7556}") = "AlasdairCooper.Components.ContentBrowser.Demo.Server", "AlasdairCooper.Components.ContentBrowser.Demo\Server\AlasdairCooper.Components.ContentBrowser.Demo.Server.csproj", "{882F5B90-E836-4451-A6D9-99B1F70971A4}"
EndProject
Project("{9A19103F-16F7-4668-BE54-9A1E7A4F7556}") = "AlasdairCooper.Components.ContentBrowser.Demo.Client", "AlasdairCooper.Components.ContentBrowser.Demo\Client\AlasdairCooper.Components.ContentBrowser.Demo.Client.csproj", "{C5450596-C395-4F46-835E-72C71191D1AE}"
EndProject
Project("{9A19103F-16F7-4668-BE54-9A1E7A4F7556}") = "AlasdairCooper.Components.ContentBrowser.Demo.Shared", "AlasdairCooper.Components.ContentBrowser.Demo\Shared\AlasdairCooper.Components.ContentBrowser.Demo.Shared.csproj", "{30C8A9C7-9CA0-4E49-927A-5645F1C651C6}"
EndProject
Project("{FAE04EC0-301F-11D3-BF4B-00C04F79EFBC}") = "AlasdairCooper.Components.ContentBrowser.Providers", "AlasdairCooper.Components.ContentBrowser.Providers\AlasdairCooper.Components.ContentBrowser.Providers.csproj", "{B2C6A1B9-DB25-4FD6-BCC2-928672746C6A}"
EndProject
Global
	GlobalSection(SolutionConfigurationPlatforms) = preSolution
		Debug|Any CPU = Debug|Any CPU
		Release|Any CPU = Release|Any CPU
	EndGlobalSection
	GlobalSection(ProjectConfigurationPlatforms) = postSolution
		{7D261F68-C4C6-480C-8736-D169CE597AAC}.Debug|Any CPU.ActiveCfg = Debug|Any CPU
		{7D261F68-C4C6-480C-8736-D169CE597AAC}.Debug|Any CPU.Build.0 = Debug|Any CPU
		{7D261F68-C4C6-480C-8736-D169CE597AAC}.Release|Any CPU.ActiveCfg = Release|Any CPU
		{7D261F68-C4C6-480C-8736-D169CE597AAC}.Release|Any CPU.Build.0 = Release|Any CPU
		{882F5B90-E836-4451-A6D9-99B1F70971A4}.Debug|Any CPU.ActiveCfg = Debug|Any CPU
		{882F5B90-E836-4451-A6D9-99B1F70971A4}.Debug|Any CPU.Build.0 = Debug|Any CPU
		{882F5B90-E836-4451-A6D9-99B1F70971A4}.Release|Any CPU.ActiveCfg = Release|Any CPU
		{882F5B90-E836-4451-A6D9-99B1F70971A4}.Release|Any CPU.Build.0 = Release|Any CPU
		{C5450596-C395-4F46-835E-72C71191D1AE}.Debug|Any CPU.ActiveCfg = Debug|Any CPU
		{C5450596-C395-4F46-835E-72C71191D1AE}.Debug|Any CPU.Build.0 = Debug|Any CPU
		{C5450596-C395-4F46-835E-72C71191D1AE}.Release|Any CPU.ActiveCfg = Release|Any CPU
		{C5450596-C395-4F46-835E-72C71191D1AE}.Release|Any CPU.Build.0 = Release|Any CPU
		{30C8A9C7-9CA0-4E49-927A-5645F1C651C6}.Debug|Any CPU.ActiveCfg = Debug|Any CPU
		{30C8A9C7-9CA0-4E49-927A-5645F1C651C6}.Debug|Any CPU.Build.0 = Debug|Any CPU
		{30C8A9C7-9CA0-4E49-927A-5645F1C651C6}.Release|Any CPU.ActiveCfg = Release|Any CPU
		{30C8A9C7-9CA0-4E49-927A-5645F1C651C6}.Release|Any CPU.Build.0 = Release|Any CPU
		{B2C6A1B9-DB25-4FD6-BCC2-928672746C6A}.Debug|Any CPU.ActiveCfg = Debug|Any CPU
		{B2C6A1B9-DB25-4FD6-BCC2-928672746C6A}.Debug|Any CPU.Build.0 = Debug|Any CPU
		{B2C6A1B9-DB25-4FD6-BCC2-928672746C6A}.Release|Any CPU.ActiveCfg = Release|Any CPU
		{B2C6A1B9-DB25-4FD6-BCC2-928672746C6A}.Release|Any CPU.Build.0 = Release|Any CPU
	EndGlobalSection
	GlobalSection(SolutionProperties) = preSolution
		HideSolutionNode = FALSE
	EndGlobalSection
	GlobalSection(ExtensibilityGlobals) = postSolution
		SolutionGuid = {70F595A3-5E1F-492E-BCAF-9FEE677A785A}
	EndGlobalSection
EndGlobal
